
Microsoft Visual Studio Solution File, Format Version 12.00
# Visual Studio 15
VisualStudioVersion = 15.0.28307.168
MinimumVisualStudioVersion = 10.0.40219.1
Project("{FAE04EC0-301F-11D3-BF4B-00C04F79EFBC}") = "TestMaxFramework", "TestMaxFramework\TestMaxFramework.csproj", "{D78CC77A-9852-4128-952E-53453CED9FB8}"
EndProject
Global
	GlobalSection(SolutionConfigurationPlatforms) = preSolution
		Debug|Any CPU = Debug|Any CPU
		Release|Any CPU = Release|Any CPU
	EndGlobalSection
	GlobalSection(ProjectConfigurationPlatforms) = postSolution
		{D78CC77A-9852-4128-952E-53453CED9FB8}.Debug|Any CPU.ActiveCfg = Debug|Any CPU
		{D78CC77A-9852-4128-952E-53453CED9FB8}.Debug|Any CPU.Build.0 = Debug|Any CPU
		{D78CC77A-9852-4128-952E-53453CED9FB8}.Release|Any CPU.ActiveCfg = Release|Any CPU
		{D78CC77A-9852-4128-952E-53453CED9FB8}.Release|Any CPU.Build.0 = Release|Any CPU
	EndGlobalSection
	GlobalSection(SolutionProperties) = preSolution
		HideSolutionNode = FALSE
	EndGlobalSection
	GlobalSection(ExtensibilityGlobals) = postSolution
		SolutionGuid = {58A9B56E-199E-4387-9A58-26CC3755F913}
	EndGlobalSection
EndGlobal
